
Microsoft Visual Studio Solution File, Format Version 12.00
# Visual Studio 2012
Project("{F2A71F9B-5D33-465A-A702-920D77279786}") = "BowlingGameFSharp", "BowlingGameFSharp\BowlingGameFSharp.fsproj", "{BDB376AF-65A5-4710-BE61-E91F8F0DF5AE}"
EndProject
Global
	GlobalSection(SolutionConfigurationPlatforms) = preSolution
		Debug|Any CPU = Debug|Any CPU
		Release|Any CPU = Release|Any CPU
	EndGlobalSection
	GlobalSection(ProjectConfigurationPlatforms) = postSolution
		{BDB376AF-65A5-4710-BE61-E91F8F0DF5AE}.Debug|Any CPU.ActiveCfg = Debug|Any CPU
		{BDB376AF-65A5-4710-BE61-E91F8F0DF5AE}.Debug|Any CPU.Build.0 = Debug|Any CPU
		{BDB376AF-65A5-4710-BE61-E91F8F0DF5AE}.Release|Any CPU.ActiveCfg = Release|Any CPU
		{BDB376AF-65A5-4710-BE61-E91F8F0DF5AE}.Release|Any CPU.Build.0 = Release|Any CPU
	EndGlobalSection
	GlobalSection(SolutionProperties) = preSolution
		HideSolutionNode = FALSE
	EndGlobalSection
EndGlobal
